
Microsoft Visual Studio Solution File, Format Version 12.00
# Visual Studio Version 17
VisualStudioVersion = 17.14.36202.13
MinimumVisualStudioVersion = 10.0.40219.1
Project("{2150E333-8FDC-42A3-9474-1A3956D46DE8}") = "src", "src", "{02EA681E-C7D8-13C7-8484-4AC65E1B71E8}"
EndProject
Project("{FAE04EC0-301F-11D3-BF4B-00C04F79EFBC}") = "Consumer.App", "src\Consumer.App\Consumer.App.csproj", "{DF598CB2-5D47-440B-AC85-E463591C9E7B}"
EndProject
Project("{FAE04EC0-301F-11D3-BF4B-00C04F79EFBC}") = "Models.App", "src\Models.App\Models.App.csproj", "{CC5C3FED-3D0C-4937-A1D8-4E43C81BA58D}"
EndProject
Project("{FAE04EC0-301F-11D3-BF4B-00C04F79EFBC}") = "Service.App", "src\Service.App\Service.App.csproj", "{D999198C-908D-476E-BC0E-7E9F97D37FA5}"
EndProject
Project("{FAE04EC0-301F-11D3-BF4B-00C04F79EFBC}") = "Repositories.App", "src\Repositories.App\Repositories.App.csproj", "{F8B0B51D-F252-48F4-B594-13E01E826CB9}"
EndProject
Project("{FAE04EC0-301F-11D3-BF4B-00C04F79EFBC}") = "Publisher.Api", "src\Publisher.Api\Publisher.Api.csproj", "{8926B241-5D12-4BD9-8ECE-95ED645A6E88}"
EndProject
Global
	GlobalSection(SolutionConfigurationPlatforms) = preSolution
		Debug|Any CPU = Debug|Any CPU
		Release|Any CPU = Release|Any CPU
	EndGlobalSection
	GlobalSection(ProjectConfigurationPlatforms) = postSolution
		{DF598CB2-5D47-440B-AC85-E463591C9E7B}.Debug|Any CPU.ActiveCfg = Debug|Any CPU
		{DF598CB2-5D47-440B-AC85-E463591C9E7B}.Debug|Any CPU.Build.0 = Debug|Any CPU
		{DF598CB2-5D47-440B-AC85-E463591C9E7B}.Release|Any CPU.ActiveCfg = Release|Any CPU
		{DF598CB2-5D47-440B-AC85-E463591C9E7B}.Release|Any CPU.Build.0 = Release|Any CPU
		{CC5C3FED-3D0C-4937-A1D8-4E43C81BA58D}.Debug|Any CPU.ActiveCfg = Debug|Any CPU
		{CC5C3FED-3D0C-4937-A1D8-4E43C81BA58D}.Debug|Any CPU.Build.0 = Debug|Any CPU
		{CC5C3FED-3D0C-4937-A1D8-4E43C81BA58D}.Release|Any CPU.ActiveCfg = Release|Any CPU
		{CC5C3FED-3D0C-4937-A1D8-4E43C81BA58D}.Release|Any CPU.Build.0 = Release|Any CPU
		{D999198C-908D-476E-BC0E-7E9F97D37FA5}.Debug|Any CPU.ActiveCfg = Debug|Any CPU
		{D999198C-908D-476E-BC0E-7E9F97D37FA5}.Debug|Any CPU.Build.0 = Debug|Any CPU
		{D999198C-908D-476E-BC0E-7E9F97D37FA5}.Release|Any CPU.ActiveCfg = Release|Any CPU
		{D999198C-908D-476E-BC0E-7E9F97D37FA5}.Release|Any CPU.Build.0 = Release|Any CPU
		{F8B0B51D-F252-48F4-B594-13E01E826CB9}.Debug|Any CPU.ActiveCfg = Debug|Any CPU
		{F8B0B51D-F252-48F4-B594-13E01E826CB9}.Debug|Any CPU.Build.0 = Debug|Any CPU
		{F8B0B51D-F252-48F4-B594-13E01E826CB9}.Release|Any CPU.ActiveCfg = Release|Any CPU
		{F8B0B51D-F252-48F4-B594-13E01E826CB9}.Release|Any CPU.Build.0 = Release|Any CPU
		{8926B241-5D12-4BD9-8ECE-95ED645A6E88}.Debug|Any CPU.ActiveCfg = Debug|Any CPU
		{8926B241-5D12-4BD9-8ECE-95ED645A6E88}.Debug|Any CPU.Build.0 = Debug|Any CPU
		{8926B241-5D12-4BD9-8ECE-95ED645A6E88}.Release|Any CPU.ActiveCfg = Release|Any CPU
		{8926B241-5D12-4BD9-8ECE-95ED645A6E88}.Release|Any CPU.Build.0 = Release|Any CPU
	EndGlobalSection
	GlobalSection(SolutionProperties) = preSolution
		HideSolutionNode = FALSE
	EndGlobalSection
	GlobalSection(NestedProjects) = preSolution
		{DF598CB2-5D47-440B-AC85-E463591C9E7B} = {02EA681E-C7D8-13C7-8484-4AC65E1B71E8}
		{CC5C3FED-3D0C-4937-A1D8-4E43C81BA58D} = {02EA681E-C7D8-13C7-8484-4AC65E1B71E8}
		{D999198C-908D-476E-BC0E-7E9F97D37FA5} = {02EA681E-C7D8-13C7-8484-4AC65E1B71E8}
		{F8B0B51D-F252-48F4-B594-13E01E826CB9} = {02EA681E-C7D8-13C7-8484-4AC65E1B71E8}
		{8926B241-5D12-4BD9-8ECE-95ED645A6E88} = {02EA681E-C7D8-13C7-8484-4AC65E1B71E8}
	EndGlobalSection
	GlobalSection(ExtensibilityGlobals) = postSolution
		SolutionGuid = {DCE27F2C-A4F4-49DC-988A-B4FDB76BE241}
	EndGlobalSection
EndGlobal
